
Microsoft Visual Studio Solution File, Format Version 12.00
# Visual Studio Version 17
VisualStudioVersion = 17.7.34018.315
MinimumVisualStudioVersion = 10.0.40219.1
Project("{FAE04EC0-301F-11D3-BF4B-00C04F79EFBC}") = "ScreenRecorder-Server", "ScreenRecorder-Server\ScreenRecorder-Server.csproj", "{580B3C7D-CA64-4D3E-B0F7-ADB2B9318C26}"
EndProject
Global
	GlobalSection(SolutionConfigurationPlatforms) = preSolution
		Debug|Any CPU = Debug|Any CPU
		Release|Any CPU = Release|Any CPU
	EndGlobalSection
	GlobalSection(ProjectConfigurationPlatforms) = postSolution
		{580B3C7D-CA64-4D3E-B0F7-ADB2B9318C26}.Debug|Any CPU.ActiveCfg = Debug|Any CPU
		{580B3C7D-CA64-4D3E-B0F7-ADB2B9318C26}.Debug|Any CPU.Build.0 = Debug|Any CPU
		{580B3C7D-CA64-4D3E-B0F7-ADB2B9318C26}.Release|Any CPU.ActiveCfg = Release|Any CPU
		{580B3C7D-CA64-4D3E-B0F7-ADB2B9318C26}.Release|Any CPU.Build.0 = Release|Any CPU
	EndGlobalSection
	GlobalSection(SolutionProperties) = preSolution
		HideSolutionNode = FALSE
	EndGlobalSection
	GlobalSection(ExtensibilityGlobals) = postSolution
		SolutionGuid = {FA22D1B8-02AC-4619-AE1A-9BB8E2B68A78}
	EndGlobalSection
EndGlobal
